{
  "name": "jan.limpens.com-hugo",
  "version": "1.0.0",
  "lockfileVersion": 3,
  "requires": true,
  "packages": {
    "": {
      "name": "jan.limpens.com-hugo",
      "version": "1.0.0",
      "license": "ISC",
      "dependencies": {
        "baguettebox.js": "^1.11.1",
        "jquery": "^3.5.1",
        "lightbox2": "^2.11.3"
      },
      "devDependencies": {
        "esbuild": "^0.7.17"
      }
    },
    "node_modules/baguettebox.js": {
      "version": "1.11.1",
      "resolved": "https://registry.npmjs.org/baguettebox.js/-/baguettebox.js-1.11.1.tgz",
      "integrity": "sha512-0HnUVs+xaqwQOVbfi0kwZnZ1fJNWE5vJLCoCAtgQBtPmOJa1fhN8gubaBFOBGDkQy/vz6PWSr7B3WilhQKjyeQ=="
    },
    "node_modules/esbuild": {
      "version": "0.7.22",
      "resolved": "https://registry.npmjs.org/esbuild/-/esbuild-0.7.22.tgz",
      "integrity": "sha512-B43SYg8LGWYTCv9Gs0RnuLNwjzpuWOoCaZHTWEDEf5AfrnuDMerPVMdCEu7xOdhFvQ+UqfP2MGU9lxEy0JzccA==",
      "dev": true,
      "hasInstallScript": true,
      "bin": {
        "esbuild": "bin/esbuild"
      }
    },
    "node_modules/jquery": {
      "version": "3.7.0",
      "resolved": "https://registry.npmjs.org/jquery/-/jquery-3.7.0.tgz",
      "integrity": "sha512-umpJ0/k8X0MvD1ds0P9SfowREz2LenHsQaxSohMZ5OMNEU2r0tf8pdeEFTHMFxWVxKNyU9rTtK3CWzUCTKJUeQ=="
    },
    "node_modules/lightbox2": {
      "version": "2.11.4",
      "resolved": "https://registry.npmjs.org/lightbox2/-/lightbox2-2.11.4.tgz",
      "integrity": "sha512-Fof7RJFWV3Fe4CWTjpto30h04Led97nRStFNLaUD/VrlEs72r7LF9WMndENYvU2e4o8WboSuy+dmetXSKSnQ2Q=="
    }
  }
}
